version = 1
revision = 2
requires-python = ">=3.12"

[[package]]
name = "commit-analyze"
version = "0.1.0"
source = { virtual = "." }
dependencies = [
    { name = "superclaude" },
]

[package.metadata]
requires-dist = [{ name = "superclaude", specifier = ">=4.0.9" }]

[[package]]
name = "setuptools"
version = "80.9.0"
source = { registry = "https://pypi.org/simple" }
sdist = { url = "https://files.pythonhosted.org/packages/18/5d/3bf57dcd21979b887f014ea83c24ae194cfcd12b9e0fda66b957c69d1fca/setuptools-80.9.0.tar.gz", hash = "sha256:f36b47402ecde768dbfafc46e8e4207b4360c654f1f3bb84475f0a28628fb19c", size = 1319958, upload-time = "2025-05-27T00:56:51.443Z" }
wheels = [
    { url = "https://files.pythonhosted.org/packages/a3/dc/17031897dae0efacfea57dfd3a82fdd2a2aeb58e0ff71b77b87e44edc772/setuptools-80.9.0-py3-none-any.whl", hash = "sha256:062d34222ad13e0cc312a4c02d73f059e86a4acbfbdea8f8f76b28c99f306922", size = 1201486, upload-time = "2025-05-27T00:56:49.664Z" },
]

[[package]]
name = "superclaude"
version = "4.0.9"
source = { registry = "https://pypi.org/simple" }
dependencies = [
    { name = "setuptools" },
]
sdist = { url = "https://files.pythonhosted.org/packages/67/03/dc14994d024d88e1db4177b43c44922fc8516fdee79d5593f3d1ab147663/superclaude-4.0.9.tar.gz", hash = "sha256:a91d5b222b608287c8d67a83410636e7414f1dd70c9e1aa58325b543e528c929", size = 325150, upload-time = "2025-09-06T02:56:28.913Z" }
wheels = [
    { url = "https://files.pythonhosted.org/packages/58/de/e9ff8357c41703513364c4233aded62e54e880d820abbb64a26822a8d42e/superclaude-4.0.9-py3-none-any.whl", hash = "sha256:9feec28876a85d8a74630f8b89a529df73220a7906b88ce0d9b6a7fab17f9884", size = 201688, upload-time = "2025-09-06T02:56:27.526Z" },
]
